
Microsoft Visual Studio Solution File, Format Version 12.00
# Visual Studio 15
VisualStudioVersion = 15.0.27130.2027
MinimumVisualStudioVersion = 10.0.40219.1
Project("{FAE04EC0-301F-11D3-BF4B-00C04F79EFBC}") = "Aula-Classes", "Aula-Classes\Aula-Classes.csproj", "{0BF8EA1E-A59E-4886-BD1D-311704D9F2A9}"
EndProject
Global
	GlobalSection(SolutionConfigurationPlatforms) = preSolution
		Debug|Any CPU = Debug|Any CPU
		Release|Any CPU = Release|Any CPU
	EndGlobalSection
	GlobalSection(ProjectConfigurationPlatforms) = postSolution
		{0BF8EA1E-A59E-4886-BD1D-311704D9F2A9}.Debug|Any CPU.ActiveCfg = Debug|Any CPU
		{0BF8EA1E-A59E-4886-BD1D-311704D9F2A9}.Debug|Any CPU.Build.0 = Debug|Any CPU
		{0BF8EA1E-A59E-4886-BD1D-311704D9F2A9}.Release|Any CPU.ActiveCfg = Release|Any CPU
		{0BF8EA1E-A59E-4886-BD1D-311704D9F2A9}.Release|Any CPU.Build.0 = Release|Any CPU
	EndGlobalSection
	GlobalSection(SolutionProperties) = preSolution
		HideSolutionNode = FALSE
	EndGlobalSection
	GlobalSection(ExtensibilityGlobals) = postSolution
		SolutionGuid = {75A81DCC-6E74-4F18-AC0D-95EAD05E5456}
	EndGlobalSection
EndGlobal
